// !$*UTF8*$!
{
	archiveVersion = 1;
	classes = {
	};
	objectVersion = 46;
	objects = {

/* Begin PBXBuildFile section */
		79A73E401972F411009E5A6F /* Foundation.framework in Frameworks */ = {isa = PBXBuildFile; fileRef = 79A73E3F1972F411009E5A6F /* Foundation.framework */; };
		79A73E421972F411009E5A6F /* CoreGraphics.framework in Frameworks */ = {isa = PBXBuildFile; fileRef = 79A73E411972F411009E5A6F /* CoreGraphics.framework */; };
		79A73E441972F411009E5A6F /* UIKit.framework in Frameworks */ = {isa = PBXBuildFile; fileRef = 79A73E431972F411009E5A6F /* UIKit.framework */; };
		79A73E461972F411009E5A6F /* CoreData.framework in Frameworks */ = {isa = PBXBuildFile; fileRef = 79A73E451972F411009E5A6F /* CoreData.framework */; };
		79A73E4C1972F411009E5A6F /* InfoPlist.strings in Resources */ = {isa = PBXBuildFile; fileRef = 79A73E4A1972F411009E5A6F /* InfoPlist.strings */; };
		79A73E4E1972F411009E5A6F /* main.m in Sources */ = {isa = PBXBuildFile; fileRef = 79A73E4D1972F411009E5A6F /* main.m */; };
		79A73E521972F411009E5A6F /* AppDelegate.m in Sources */ = {isa = PBXBuildFile; fileRef = 79A73E511972F411009E5A6F /* AppDelegate.m */; };
		79A73E551972F411009E5A6F /* ExuTalk.xcdatamodeld in Sources */ = {isa = PBXBuildFile; fileRef = 79A73E531972F411009E5A6F /* ExuTalk.xcdatamodeld */; };
		79A73E571972F411009E5A6F /* Images.xcassets in Resources */ = {isa = PBXBuildFile; fileRef = 79A73E561972F411009E5A6F /* Images.xcassets */; };
		79A73E5E1972F411009E5A6F /* XCTest.framework in Frameworks */ = {isa = PBXBuildFile; fileRef = 79A73E5D1972F411009E5A6F /* XCTest.framework */; };
		79A73E5F1972F411009E5A6F /* Foundation.framework in Frameworks */ = {isa = PBXBuildFile; fileRef = 79A73E3F1972F411009E5A6F /* Foundation.framework */; };
		79A73E601972F411009E5A6F /* UIKit.framework in Frameworks */ = {isa = PBXBuildFile; fileRef = 79A73E431972F411009E5A6F /* UIKit.framework */; };
		79A73E611972F411009E5A6F /* CoreData.framework in Frameworks */ = {isa = PBXBuildFile; fileRef = 79A73E451972F411009E5A6F /* CoreData.framework */; };
		79A73E691972F411009E5A6F /* InfoPlist.strings in Resources */ = {isa = PBXBuildFile; fileRef = 79A73E671972F411009E5A6F /* InfoPlist.strings */; };
		79A73E6B1972F411009E5A6F /* ExuTalkTests.m in Sources */ = {isa = PBXBuildFile; fileRef = 79A73E6A1972F411009E5A6F /* ExuTalkTests.m */; };
		79A73E8B1972F49D009E5A6F /* aqua.png in Resources */ = {isa = PBXBuildFile; fileRef = 79A73E7A1972F49D009E5A6F /* aqua.png */; };
		79A73E8C1972F49D009E5A6F /* back.png in Resources */ = {isa = PBXBuildFile; fileRef = 79A73E7B1972F49D009E5A6F /* back.png */; };
		79A73E8D1972F49D009E5A6F /* btn_rectangle_normal.png in Resources */ = {isa = PBXBuildFile; fileRef = 79A73E7C1972F49D009E5A6F /* btn_rectangle_normal.png */; };
		79A73E8E1972F49D009E5A6F /* btn_rectangle_normal@2x.png in Resources */ = {isa = PBXBuildFile; fileRef = 79A73E7D1972F49D009E5A6F /* btn_rectangle_normal@2x.png */; };
		79A73E8F1972F49D009E5A6F /* camera.png in Resources */ = {isa = PBXBuildFile; fileRef = 79A73E7E1972F49D009E5A6F /* camera.png */; };
		79A73E901972F49D009E5A6F /* camera@2x.png in Resources */ = {isa = PBXBuildFile; fileRef = 79A73E7F1972F49D009E5A6F /* camera@2x.png */; };
		79A73E911972F49D009E5A6F /* chats.png in Resources */ = {isa = PBXBuildFile; fileRef = 79A73E801972F49D009E5A6F /* chats.png */; };
		79A73E921972F49D009E5A6F /* contacts.png in Resources */ = {isa = PBXBuildFile; fileRef = 79A73E811972F49D009E5A6F /* contacts.png */; };
		79A73E931972F49D009E5A6F /* defaultPerson.png in Resources */ = {isa = PBXBuildFile; fileRef = 79A73E821972F49D009E5A6F /* defaultPerson.png */; };
		79A73E941972F49D009E5A6F /* header_tile.png in Resources */ = {isa = PBXBuildFile; fileRef = 79A73E831972F49D009E5A6F /* header_tile.png */; };
		79A73E951972F49D009E5A6F /* horizontalDivider.png in Resources */ = {isa = PBXBuildFile; fileRef = 79A73E841972F49D009E5A6F /* horizontalDivider.png */; };
		79A73E961972F49D009E5A6F /* orange.png in Resources */ = {isa = PBXBuildFile; fileRef = 79A73E851972F49D009E5A6F /* orange.png */; };
		79A73E971972F49D009E5A6F /* send.png in Resources */ = {isa = PBXBuildFile; fileRef = 79A73E861972F49D009E5A6F /* send.png */; };
		79A73E981972F49D009E5A6F /* settings.png in Resources */ = {isa = PBXBuildFile; fileRef = 79A73E871972F49D009E5A6F /* settings.png */; };
		79A73E991972F49D009E5A6F /* messageReceived.aiff in Resources */ = {isa = PBXBuildFile; fileRef = 79A73E891972F49D009E5A6F /* messageReceived.aiff */; };
		79A73E9A1972F49D009E5A6F /* messageSent.aiff in Resources */ = {isa = PBXBuildFile; fileRef = 79A73E8A1972F49D009E5A6F /* messageSent.aiff */; };
		79A73E9E1972F4B0009E5A6F /* BaseVC.m in Sources */ = {isa = PBXBuildFile; fileRef = 79A73E9D1972F4B0009E5A6F /* BaseVC.m */; };
		79A73EA21972F4BA009E5A6F /* ContactsVC.m in Sources */ = {isa = PBXBuildFile; fileRef = 79A73EA11972F4BA009E5A6F /* ContactsVC.m */; };
		79A73EB31972F4CA009E5A6F /* BuddyListVC.m in Sources */ = {isa = PBXBuildFile; fileRef = 79A73EA81972F4CA009E5A6F /* BuddyListVC.m */; };
		79A73EB41972F4CA009E5A6F /* ConversationVC.m in Sources */ = {isa = PBXBuildFile; fileRef = 79A73EAA1972F4CA009E5A6F /* ConversationVC.m */; };
		79A73EB51972F4CA009E5A6F /* LoginVC.m in Sources */ = {isa = PBXBuildFile; fileRef = 79A73EAC1972F4CA009E5A6F /* LoginVC.m */; };
		79A73EB61972F4CA009E5A6F /* ChatModel.m in Sources */ = {isa = PBXBuildFile; fileRef = 79A73EAF1972F4CA009E5A6F /* ChatModel.m */; };
		79A73EB71972F4CA009E5A6F /* LoginModel.m in Sources */ = {isa = PBXBuildFile; fileRef = 79A73EB11972F4CA009E5A6F /* LoginModel.m */; };
		79A73EB81972F4CA009E5A6F /* StartUp.storyboard in Resources */ = {isa = PBXBuildFile; fileRef = 79A73EB21972F4CA009E5A6F /* StartUp.storyboard */; };
		79A73EC21972F4D2009E5A6F /* ChatMessageVC.m in Sources */ = {isa = PBXBuildFile; fileRef = 79A73EBB1972F4D2009E5A6F /* ChatMessageVC.m */; };
		79A73EC31972F4D2009E5A6F /* Messaging.storyboard in Resources */ = {isa = PBXBuildFile; fileRef = 79A73EBC1972F4D2009E5A6F /* Messaging.storyboard */; };
		79A73EC41972F4D2009E5A6F /* MessagingSoundEffect.m in Sources */ = {isa = PBXBuildFile; fileRef = 79A73EBE1972F4D2009E5A6F /* MessagingSoundEffect.m */; };
		79A73EC51972F4D2009E5A6F /* MessageModel.m in Sources */ = {isa = PBXBuildFile; fileRef = 79A73EC11972F4D2009E5A6F /* MessageModel.m */; };
		79A73ED51972F4DA009E5A6F /* SendMessageOperation.m in Sources */ = {isa = PBXBuildFile; fileRef = 79A73EC81972F4DA009E5A6F /* SendMessageOperation.m */; };
		79A73ED61972F4DA009E5A6F /* AboutVC.m in Sources */ = {isa = PBXBuildFile; fileRef = 79A73ECB1972F4DA009E5A6F /* AboutVC.m */; };
		79A73ED71972F4DA009E5A6F /* NetworkDisconnectedVC.m in Sources */ = {isa = PBXBuildFile; fileRef = 79A73ECD1972F4DA009E5A6F /* NetworkDisconnectedVC.m */; };
		79A73ED81972F4DA009E5A6F /* Settings.storyboard in Resources */ = {isa = PBXBuildFile; fileRef = 79A73ECE1972F4DA009E5A6F /* Settings.storyboard */; };
		79A73ED91972F4DA009E5A6F /* SettingsVC+Share.m in Sources */ = {isa = PBXBuildFile; fileRef = 79A73ED01972F4DA009E5A6F /* SettingsVC+Share.m */; };
		79A73EDA1972F4DA009E5A6F /* SettingsVC.m in Sources */ = {isa = PBXBuildFile; fileRef = 79A73ED21972F4DA009E5A6F /* SettingsVC.m */; };
		79A73EDB1972F4DA009E5A6F /* ShareVC.m in Sources */ = {isa = PBXBuildFile; fileRef = 79A73ED41972F4DA009E5A6F /* ShareVC.m */; };
/* End PBXBuildFile section */

/* Begin PBXContainerItemProxy section */
		79A73E621972F411009E5A6F /* PBXContainerItemProxy */ = {
			isa = PBXContainerItemProxy;
			containerPortal = 79A73E341972F411009E5A6F /* Project object */;
			proxyType = 1;
			remoteGlobalIDString = 79A73E3B1972F411009E5A6F;
			remoteInfo = ExuTalk;
		};
/* End PBXContainerItemProxy section */

/* Begin PBXFileReference section */
		79A73E3C1972F411009E5A6F /* ExuTalk.app */ = {isa = PBXFileReference; explicitFileType = wrapper.application; includeInIndex = 0; path = ExuTalk.app; sourceTree = BUILT_PRODUCTS_DIR; };
		79A73E3F1972F411009E5A6F /* Foundation.framework */ = {isa = PBXFileReference; lastKnownFileType = wrapper.framework; name = Foundation.framework; path = System/Library/Frameworks/Foundation.framework; sourceTree = SDKROOT; };
		79A73E411972F411009E5A6F /* CoreGraphics.framework */ = {isa = PBXFileReference; lastKnownFileType = wrapper.framework; name = CoreGraphics.framework; path = System/Library/Frameworks/CoreGraphics.framework; sourceTree = SDKROOT; };
		79A73E431972F411009E5A6F /* UIKit.framework */ = {isa = PBXFileReference; lastKnownFileType = wrapper.framework; name = UIKit.framework; path = System/Library/Frameworks/UIKit.framework; sourceTree = SDKROOT; };
		79A73E451972F411009E5A6F /* CoreData.framework */ = {isa = PBXFileReference; lastKnownFileType = wrapper.framework; name = CoreData.framework; path = System/Library/Frameworks/CoreData.framework; sourceTree = SDKROOT; };
		79A73E491972F411009E5A6F /* ExuTalk-Info.plist */ = {isa = PBXFileReference; lastKnownFileType = text.plist.xml; path = "ExuTalk-Info.plist"; sourceTree = "<group>"; };
		79A73E4B1972F411009E5A6F /* en */ = {isa = PBXFileReference; lastKnownFileType = text.plist.strings; name = en; path = en.lproj/InfoPlist.strings; sourceTree = "<group>"; };
		79A73E4D1972F411009E5A6F /* main.m */ = {isa = PBXFileReference; lastKnownFileType = sourcecode.c.objc; path = main.m; sourceTree = "<group>"; };
		79A73E4F1972F411009E5A6F /* ExuTalk-Prefix.pch */ = {isa = PBXFileReference; lastKnownFileType = sourcecode.c.h; path = "ExuTalk-Prefix.pch"; sourceTree = "<group>"; };
		79A73E501972F411009E5A6F /* AppDelegate.h */ = {isa = PBXFileReference; lastKnownFileType = sourcecode.c.h; path = AppDelegate.h; sourceTree = "<group>"; };
		79A73E511972F411009E5A6F /* AppDelegate.m */ = {isa = PBXFileReference; lastKnownFileType = sourcecode.c.objc; path = AppDelegate.m; sourceTree = "<group>"; };
		79A73E541972F411009E5A6F /* ExuTalk.xcdatamodel */ = {isa = PBXFileReference; lastKnownFileType = wrapper.xcdatamodel; path = ExuTalk.xcdatamodel; sourceTree = "<group>"; };
		79A73E561972F411009E5A6F /* Images.xcassets */ = {isa = PBXFileReference; lastKnownFileType = folder.assetcatalog; path = Images.xcassets; sourceTree = "<group>"; };
		79A73E5C1972F411009E5A6F /* ExuTalkTests.xctest */ = {isa = PBXFileReference; explicitFileType = wrapper.cfbundle; includeInIndex = 0; path = ExuTalkTests.xctest; sourceTree = BUILT_PRODUCTS_DIR; };
		79A73E5D1972F411009E5A6F /* XCTest.framework */ = {isa = PBXFileReference; lastKnownFileType = wrapper.framework; name = XCTest.framework; path = Library/Frameworks/XCTest.framework; sourceTree = DEVELOPER_DIR; };
		79A73E661972F411009E5A6F /* ExuTalkTests-Info.plist */ = {isa = PBXFileReference; lastKnownFileType = text.plist.xml; path = "ExuTalkTests-Info.plist"; sourceTree = "<group>"; };
		79A73E681972F411009E5A6F /* en */ = {isa = PBXFileReference; lastKnownFileType = text.plist.strings; name = en; path = en.lproj/InfoPlist.strings; sourceTree = "<group>"; };
		79A73E6A1972F411009E5A6F /* ExuTalkTests.m */ = {isa = PBXFileReference; lastKnownFileType = sourcecode.c.objc; path = ExuTalkTests.m; sourceTree = "<group>"; };
		79A73E7A1972F49D009E5A6F /* aqua.png */ = {isa = PBXFileReference; lastKnownFileType = image.png; path = aqua.png; sourceTree = "<group>"; };
		79A73E7B1972F49D009E5A6F /* back.png */ = {isa = PBXFileReference; lastKnownFileType = image.png; path = back.png; sourceTree = "<group>"; };
		79A73E7C1972F49D009E5A6F /* btn_rectangle_normal.png */ = {isa = PBXFileReference; lastKnownFileType = image.png; path = btn_rectangle_normal.png; sourceTree = "<group>"; };
		79A73E7D1972F49D009E5A6F /* btn_rectangle_normal@2x.png */ = {isa = PBXFileReference; lastKnownFileType = image.png; path = "btn_rectangle_normal@2x.png"; sourceTree = "<group>"; };
		79A73E7E1972F49D009E5A6F /* camera.png */ = {isa = PBXFileReference; lastKnownFileType = image.png; path = camera.png; sourceTree = "<group>"; };
		79A73E7F1972F49D009E5A6F /* camera@2x.png */ = {isa = PBXFileReference; lastKnownFileType = image.png; path = "camera@2x.png"; sourceTree = "<group>"; };
		79A73E801972F49D009E5A6F /* chats.png */ = {isa = PBXFileReference; lastKnownFileType = image.png; path = chats.png; sourceTree = "<group>"; };
		79A73E811972F49D009E5A6F /* contacts.png */ = {isa = PBXFileReference; lastKnownFileType = image.png; path = contacts.png; sourceTree = "<group>"; };
		79A73E821972F49D009E5A6F /* defaultPerson.png */ = {isa = PBXFileReference; lastKnownFileType = image.png; path = defaultPerson.png; sourceTree = "<group>"; };
		79A73E831972F49D009E5A6F /* header_tile.png */ = {isa = PBXFileReference; lastKnownFileType = image.png; path = header_tile.png; sourceTree = "<group>"; };
		79A73E841972F49D009E5A6F /* horizontalDivider.png */ = {isa = PBXFileReference; lastKnownFileType = image.png; path = horizontalDivider.png; sourceTree = "<group>"; };
		79A73E851972F49D009E5A6F /* orange.png */ = {isa = PBXFileReference; lastKnownFileType = image.png; path = orange.png; sourceTree = "<group>"; };
		79A73E861972F49D009E5A6F /* send.png */ = {isa = PBXFileReference; lastKnownFileType = image.png; path = send.png; sourceTree = "<group>"; };
		79A73E871972F49D009E5A6F /* settings.png */ = {isa = PBXFileReference; lastKnownFileType = image.png; path = settings.png; sourceTree = "<group>"; };
		79A73E891972F49D009E5A6F /* messageReceived.aiff */ = {isa = PBXFileReference; lastKnownFileType = audio.aiff; path = messageReceived.aiff; sourceTree = "<group>"; };
		79A73E8A1972F49D009E5A6F /* messageSent.aiff */ = {isa = PBXFileReference; lastKnownFileType = audio.aiff; path = messageSent.aiff; sourceTree = "<group>"; };
		79A73E9C1972F4B0009E5A6F /* BaseVC.h */ = {isa = PBXFileReference; fileEncoding = 4; lastKnownFileType = sourcecode.c.h; path = BaseVC.h; sourceTree = "<group>"; };
		79A73E9D1972F4B0009E5A6F /* BaseVC.m */ = {isa = PBXFileReference; fileEncoding = 4; lastKnownFileType = sourcecode.c.objc; path = BaseVC.m; sourceTree = "<group>"; };
		79A73EA01972F4BA009E5A6F /* ContactsVC.h */ = {isa = PBXFileReference; fileEncoding = 4; lastKnownFileType = sourcecode.c.h; path = ContactsVC.h; sourceTree = "<group>"; };
		79A73EA11972F4BA009E5A6F /* ContactsVC.m */ = {isa = PBXFileReference; fileEncoding = 4; lastKnownFileType = sourcecode.c.objc; path = ContactsVC.m; sourceTree = "<group>"; };
		79A73EA41972F4C2009E5A6F /* AppConstants.h */ = {isa = PBXFileReference; fileEncoding = 4; lastKnownFileType = sourcecode.c.h; path = AppConstants.h; sourceTree = "<group>"; };
		79A73EA51972F4C2009E5A6F /* AppProtocol.h */ = {isa = PBXFileReference; fileEncoding = 4; lastKnownFileType = sourcecode.c.h; path = AppProtocol.h; sourceTree = "<group>"; };
		79A73EA71972F4CA009E5A6F /* BuddyListVC.h */ = {isa = PBXFileReference; fileEncoding = 4; lastKnownFileType = sourcecode.c.h; path = BuddyListVC.h; sourceTree = "<group>"; };
		79A73EA81972F4CA009E5A6F /* BuddyListVC.m */ = {isa = PBXFileReference; fileEncoding = 4; lastKnownFileType = sourcecode.c.objc; path = BuddyListVC.m; sourceTree = "<group>"; };
		79A73EA91972F4CA009E5A6F /* ConversationVC.h */ = {isa = PBXFileReference; fileEncoding = 4; lastKnownFileType = sourcecode.c.h; path = ConversationVC.h; sourceTree = "<group>"; };
		79A73EAA1972F4CA009E5A6F /* ConversationVC.m */ = {isa = PBXFileReference; fileEncoding = 4; lastKnownFileType = sourcecode.c.objc; path = ConversationVC.m; sourceTree = "<group>"; };
		79A73EAB1972F4CA009E5A6F /* LoginVC.h */ = {isa = PBXFileReference; fileEncoding = 4; lastKnownFileType = sourcecode.c.h; path = LoginVC.h; sourceTree = "<group>"; };
		79A73EAC1972F4CA009E5A6F /* LoginVC.m */ = {isa = PBXFileReference; fileEncoding = 4; lastKnownFileType = sourcecode.c.objc; path = LoginVC.m; sourceTree = "<group>"; };
		79A73EAE1972F4CA009E5A6F /* ChatModel.h */ = {isa = PBXFileReference; fileEncoding = 4; lastKnownFileType = sourcecode.c.h; path = ChatModel.h; sourceTree = "<group>"; };
		79A73EAF1972F4CA009E5A6F /* ChatModel.m */ = {isa = PBXFileReference; fileEncoding = 4; lastKnownFileType = sourcecode.c.objc; path = ChatModel.m; sourceTree = "<group>"; };
		79A73EB01972F4CA009E5A6F /* LoginModel.h */ = {isa = PBXFileReference; fileEncoding = 4; lastKnownFileType = sourcecode.c.h; path = LoginModel.h; sourceTree = "<group>"; };
		79A73EB11972F4CA009E5A6F /* LoginModel.m */ = {isa = PBXFileReference; fileEncoding = 4; lastKnownFileType = sourcecode.c.objc; path = LoginModel.m; sourceTree = "<group>"; };
		79A73EB21972F4CA009E5A6F /* StartUp.storyboard */ = {isa = PBXFileReference; fileEncoding = 4; lastKnownFileType = file.storyboard; path = StartUp.storyboard; sourceTree = "<group>"; };
		79A73EBA1972F4D2009E5A6F /* ChatMessageVC.h */ = {isa = PBXFileReference; fileEncoding = 4; lastKnownFileType = sourcecode.c.h; path = ChatMessageVC.h; sourceTree = "<group>"; };
		79A73EBB1972F4D2009E5A6F /* ChatMessageVC.m */ = {isa = PBXFileReference; fileEncoding = 4; lastKnownFileType = sourcecode.c.objc; path = ChatMessageVC.m; sourceTree = "<group>"; };
		79A73EBC1972F4D2009E5A6F /* Messaging.storyboard */ = {isa = PBXFileReference; fileEncoding = 4; lastKnownFileType = file.storyboard; path = Messaging.storyboard; sourceTree = "<group>"; };
		79A73EBD1972F4D2009E5A6F /* MessagingSoundEffect.h */ = {isa = PBXFileReference; fileEncoding = 4; lastKnownFileType = sourcecode.c.h; path = MessagingSoundEffect.h; sourceTree = "<group>"; };
		79A73EBE1972F4D2009E5A6F /* MessagingSoundEffect.m */ = {isa = PBXFileReference; fileEncoding = 4; lastKnownFileType = sourcecode.c.objc; path = MessagingSoundEffect.m; sourceTree = "<group>"; };
		79A73EC01972F4D2009E5A6F /* MessageModel.h */ = {isa = PBXFileReference; fileEncoding = 4; lastKnownFileType = sourcecode.c.h; path = MessageModel.h; sourceTree = "<group>"; };
		79A73EC11972F4D2009E5A6F /* MessageModel.m */ = {isa = PBXFileReference; fileEncoding = 4; lastKnownFileType = sourcecode.c.objc; path = MessageModel.m; sourceTree = "<group>"; };
		79A73EC71972F4DA009E5A6F /* SendMessageOperation.h */ = {isa = PBXFileReference; fileEncoding = 4; lastKnownFileType = sourcecode.c.h; path = SendMessageOperation.h; sourceTree = "<group>"; };
		79A73EC81972F4DA009E5A6F /* SendMessageOperation.m */ = {isa = PBXFileReference; fileEncoding = 4; lastKnownFileType = sourcecode.c.objc; path = SendMessageOperation.m; sourceTree = "<group>"; };
		79A73ECA1972F4DA009E5A6F /* AboutVC.h */ = {isa = PBXFileReference; fileEncoding = 4; lastKnownFileType = sourcecode.c.h; path = AboutVC.h; sourceTree = "<group>"; };
		79A73ECB1972F4DA009E5A6F /* AboutVC.m */ = {isa = PBXFileReference; fileEncoding = 4; lastKnownFileType = sourcecode.c.objc; path = AboutVC.m; sourceTree = "<group>"; };
		79A73ECC1972F4DA009E5A6F /* NetworkDisconnectedVC.h */ = {isa = PBXFileReference; fileEncoding = 4; lastKnownFileType = sourcecode.c.h; path = NetworkDisconnectedVC.h; sourceTree = "<group>"; };
		79A73ECD1972F4DA009E5A6F /* NetworkDisconnectedVC.m */ = {isa = PBXFileReference; fileEncoding = 4; lastKnownFileType = sourcecode.c.objc; path = NetworkDisconnectedVC.m; sourceTree = "<group>"; };
		79A73ECE1972F4DA009E5A6F /* Settings.storyboard */ = {isa = PBXFileReference; fileEncoding = 4; lastKnownFileType = file.storyboard; path = Settings.storyboard; sourceTree = "<group>"; };
		79A73ECF1972F4DA009E5A6F /* SettingsVC+Share.h */ = {isa = PBXFileReference; fileEncoding = 4; lastKnownFileType = sourcecode.c.h; path = "SettingsVC+Share.h"; sourceTree = "<group>"; };
		79A73ED01972F4DA009E5A6F /* SettingsVC+Share.m */ = {isa = PBXFileReference; fileEncoding = 4; lastKnownFileType = sourcecode.c.objc; path = "SettingsVC+Share.m"; sourceTree = "<group>"; };
		79A73ED11972F4DA009E5A6F /* SettingsVC.h */ = {isa = PBXFileReference; fileEncoding = 4; lastKnownFileType = sourcecode.c.h; path = SettingsVC.h; sourceTree = "<group>"; };
		79A73ED21972F4DA009E5A6F /* SettingsVC.m */ = {isa = PBXFileReference; fileEncoding = 4; lastKnownFileType = sourcecode.c.objc; path = SettingsVC.m; sourceTree = "<group>"; };
		79A73ED31972F4DA009E5A6F /* ShareVC.h */ = {isa = PBXFileReference; fileEncoding = 4; lastKnownFileType = sourcecode.c.h; path = ShareVC.h; sourceTree = "<group>"; };
		79A73ED41972F4DA009E5A6F /* ShareVC.m */ = {isa = PBXFileReference; fileEncoding = 4; lastKnownFileType = sourcecode.c.objc; path = ShareVC.m; sourceTree = "<group>"; };
/* End PBXFileReference section */

/* Begin PBXFrameworksBuildPhase section */
		79A73E391972F411009E5A6F /* Frameworks */ = {
			isa = PBXFrameworksBuildPhase;
			buildActionMask = 2147483647;
			files = (
				79A73E421972F411009E5A6F /* CoreGraphics.framework in Frameworks */,
				79A73E461972F411009E5A6F /* CoreData.framework in Frameworks */,
				79A73E441972F411009E5A6F /* UIKit.framework in Frameworks */,
				79A73E401972F411009E5A6F /* Foundation.framework in Frameworks */,
			);
			runOnlyForDeploymentPostprocessing = 0;
		};
		79A73E591972F411009E5A6F /* Frameworks */ = {
			isa = PBXFrameworksBuildPhase;
			buildActionMask = 2147483647;
			files = (
				79A73E5E1972F411009E5A6F /* XCTest.framework in Frameworks */,
				79A73E611972F411009E5A6F /* CoreData.framework in Frameworks */,
				79A73E601972F411009E5A6F /* UIKit.framework in Frameworks */,
				79A73E5F1972F411009E5A6F /* Foundation.framework in Frameworks */,
			);
			runOnlyForDeploymentPostprocessing = 0;
		};
/* End PBXFrameworksBuildPhase section */

/* Begin PBXGroup section */
		79A73E331972F411009E5A6F = {
			isa = PBXGroup;
			children = (
				79A73E471972F411009E5A6F /* ExuTalk */,
				79A73E641972F411009E5A6F /* ExuTalkTests */,
				79A73E3E1972F411009E5A6F /* Frameworks */,
				79A73E3D1972F411009E5A6F /* Products */,
			);
			sourceTree = "<group>";
		};
		79A73E3D1972F411009E5A6F /* Products */ = {
			isa = PBXGroup;
			children = (
				79A73E3C1972F411009E5A6F /* ExuTalk.app */,
				79A73E5C1972F411009E5A6F /* ExuTalkTests.xctest */,
			);
			name = Products;
			sourceTree = "<group>";
		};
		79A73E3E1972F411009E5A6F /* Frameworks */ = {
			isa = PBXGroup;
			children = (
				79A73E3F1972F411009E5A6F /* Foundation.framework */,
				79A73E411972F411009E5A6F /* CoreGraphics.framework */,
				79A73E431972F411009E5A6F /* UIKit.framework */,
				79A73E451972F411009E5A6F /* CoreData.framework */,
				79A73E5D1972F411009E5A6F /* XCTest.framework */,
			);
			name = Frameworks;
			sourceTree = "<group>";
		};
		79A73E471972F411009E5A6F /* ExuTalk */ = {
			isa = PBXGroup;
			children = (
				79A73EC61972F4DA009E5A6F /* Network Operation */,
				79A73EC91972F4DA009E5A6F /* Settings */,
				79A73EB91972F4D2009E5A6F /* Messaging */,
				79A73EA61972F4CA009E5A6F /* Login */,
				79A73EA31972F4C2009E5A6F /* Helper */,
				79A73E9F1972F4BA009E5A6F /* Contacts */,
				79A73E9B1972F4B0009E5A6F /* Base Items */,
				79A73E781972F49D009E5A6F /* Assets */,
				79A73E501972F411009E5A6F /* AppDelegate.h */,
				79A73E511972F411009E5A6F /* AppDelegate.m */,
				79A73E561972F411009E5A6F /* Images.xcassets */,
				79A73E531972F411009E5A6F /* ExuTalk.xcdatamodeld */,
				79A73E481972F411009E5A6F /* Supporting Files */,
			);
			path = ExuTalk;
			sourceTree = "<group>";
		};
		79A73E481972F411009E5A6F /* Supporting Files */ = {
			isa = PBXGroup;
			children = (
				79A73E491972F411009E5A6F /* ExuTalk-Info.plist */,
				79A73E4A1972F411009E5A6F /* InfoPlist.strings */,
				79A73E4D1972F411009E5A6F /* main.m */,
				79A73E4F1972F411009E5A6F /* ExuTalk-Prefix.pch */,
			);
			name = "Supporting Files";
			sourceTree = "<group>";
		};
		79A73E641972F411009E5A6F /* ExuTalkTests */ = {
			isa = PBXGroup;
			children = (
				79A73E6A1972F411009E5A6F /* ExuTalkTests.m */,
				79A73E651972F411009E5A6F /* Supporting Files */,
			);
			path = ExuTalkTests;
			sourceTree = "<group>";
		};
		79A73E651972F411009E5A6F /* Supporting Files */ = {
			isa = PBXGroup;
			children = (
				79A73E661972F411009E5A6F /* ExuTalkTests-Info.plist */,
				79A73E671972F411009E5A6F /* InfoPlist.strings */,
			);
			name = "Supporting Files";
			sourceTree = "<group>";
		};
		79A73E781972F49D009E5A6F /* Assets */ = {
			isa = PBXGroup;
			children = (
				79A73E791972F49D009E5A6F /* Images */,
				79A73E881972F49D009E5A6F /* Sounds */,
			);
			path = Assets;
			sourceTree = "<group>";
		};
		79A73E791972F49D009E5A6F /* Images */ = {
			isa = PBXGroup;
			children = (
				79A73E7A1972F49D009E5A6F /* aqua.png */,
				79A73E7B1972F49D009E5A6F /* back.png */,
				79A73E7C1972F49D009E5A6F /* btn_rectangle_normal.png */,
				79A73E7D1972F49D009E5A6F /* btn_rectangle_normal@2x.png */,
				79A73E7E1972F49D009E5A6F /* camera.png */,
				79A73E7F1972F49D009E5A6F /* camera@2x.png */,
				79A73E801972F49D009E5A6F /* chats.png */,
				79A73E811972F49D009E5A6F /* contacts.png */,
				79A73E821972F49D009E5A6F /* defaultPerson.png */,
				79A73E831972F49D009E5A6F /* header_tile.png */,
				79A73E841972F49D009E5A6F /* horizontalDivider.png */,
				79A73E851972F49D009E5A6F /* orange.png */,
				79A73E861972F49D009E5A6F /* send.png */,
				79A73E871972F49D009E5A6F /* settings.png */,
			);
			path = Images;
			sourceTree = "<group>";
		};
		79A73E881972F49D009E5A6F /* Sounds */ = {
			isa = PBXGroup;
			children = (
				79A73E891972F49D009E5A6F /* messageReceived.aiff */,
				79A73E8A1972F49D009E5A6F /* messageSent.aiff */,
			);
			path = Sounds;
			sourceTree = "<group>";
		};
		79A73E9B1972F4B0009E5A6F /* Base Items */ = {
			isa = PBXGroup;
			children = (
				79A73E9C1972F4B0009E5A6F /* BaseVC.h */,
				79A73E9D1972F4B0009E5A6F /* BaseVC.m */,
			);
			path = "Base Items";
			sourceTree = "<group>";
		};
		79A73E9F1972F4BA009E5A6F /* Contacts */ = {
			isa = PBXGroup;
			children = (
				79A73EA01972F4BA009E5A6F /* ContactsVC.h */,
				79A73EA11972F4BA009E5A6F /* ContactsVC.m */,
			);
			path = Contacts;
			sourceTree = "<group>";
		};
		79A73EA31972F4C2009E5A6F /* Helper */ = {
			isa = PBXGroup;
			children = (
				79A73EA41972F4C2009E5A6F /* AppConstants.h */,
				79A73EA51972F4C2009E5A6F /* AppProtocol.h */,
			);
			path = Helper;
			sourceTree = "<group>";
		};
		79A73EA61972F4CA009E5A6F /* Login */ = {
			isa = PBXGroup;
			children = (
				79A73EA71972F4CA009E5A6F /* BuddyListVC.h */,
				79A73EA81972F4CA009E5A6F /* BuddyListVC.m */,
				79A73EA91972F4CA009E5A6F /* ConversationVC.h */,
				79A73EAA1972F4CA009E5A6F /* ConversationVC.m */,
				79A73EAB1972F4CA009E5A6F /* LoginVC.h */,
				79A73EAC1972F4CA009E5A6F /* LoginVC.m */,
				79A73EAD1972F4CA009E5A6F /* Model */,
				79A73EB21972F4CA009E5A6F /* StartUp.storyboard */,
			);
			path = Login;
			sourceTree = "<group>";
		};
		79A73EAD1972F4CA009E5A6F /* Model */ = {
			isa = PBXGroup;
			children = (
				79A73EAE1972F4CA009E5A6F /* ChatModel.h */,
				79A73EAF1972F4CA009E5A6F /* ChatModel.m */,
				79A73EB01972F4CA009E5A6F /* LoginModel.h */,
				79A73EB11972F4CA009E5A6F /* LoginModel.m */,
			);
			path = Model;
			sourceTree = "<group>";
		};
		79A73EB91972F4D2009E5A6F /* Messaging */ = {
			isa = PBXGroup;
			children = (
				79A73EBA1972F4D2009E5A6F /* ChatMessageVC.h */,
				79A73EBB1972F4D2009E5A6F /* ChatMessageVC.m */,
				79A73EBC1972F4D2009E5A6F /* Messaging.storyboard */,
				79A73EBD1972F4D2009E5A6F /* MessagingSoundEffect.h */,
				79A73EBE1972F4D2009E5A6F /* MessagingSoundEffect.m */,
				79A73EBF1972F4D2009E5A6F /* Model */,
			);
			path = Messaging;
			sourceTree = "<group>";
		};
		79A73EBF1972F4D2009E5A6F /* Model */ = {
			isa = PBXGroup;
			children = (
				79A73EC01972F4D2009E5A6F /* MessageModel.h */,
				79A73EC11972F4D2009E5A6F /* MessageModel.m */,
			);
			path = Model;
			sourceTree = "<group>";
		};
		79A73EC61972F4DA009E5A6F /* Network Operation */ = {
			isa = PBXGroup;
			children = (
				79A73EC71972F4DA009E5A6F /* SendMessageOperation.h */,
				79A73EC81972F4DA009E5A6F /* SendMessageOperation.m */,
			);
			path = "Network Operation";
			sourceTree = "<group>";
		};
		79A73EC91972F4DA009E5A6F /* Settings */ = {
			isa = PBXGroup;
			children = (
				79A73ECA1972F4DA009E5A6F /* AboutVC.h */,
				79A73ECB1972F4DA009E5A6F /* AboutVC.m */,
				79A73ECC1972F4DA009E5A6F /* NetworkDisconnectedVC.h */,
				79A73ECD1972F4DA009E5A6F /* NetworkDisconnectedVC.m */,
				79A73ECE1972F4DA009E5A6F /* Settings.storyboard */,
				79A73ECF1972F4DA009E5A6F /* SettingsVC+Share.h */,
				79A73ED01972F4DA009E5A6F /* SettingsVC+Share.m */,
				79A73ED11972F4DA009E5A6F /* SettingsVC.h */,
				79A73ED21972F4DA009E5A6F /* SettingsVC.m */,
				79A73ED31972F4DA009E5A6F /* ShareVC.h */,
				79A73ED41972F4DA009E5A6F /* ShareVC.m */,
			);
			path = Settings;
			sourceTree = "<group>";
		};
/* End PBXGroup section */

/* Begin PBXNativeTarget section */
		79A73E3B1972F411009E5A6F /* ExuTalk */ = {
			isa = PBXNativeTarget;
			buildConfigurationList = 79A73E6E1972F411009E5A6F /* Build configuration list for PBXNativeTarget "ExuTalk" */;
			buildPhases = (
				79A73E381972F411009E5A6F /* Sources */,
				79A73E391972F411009E5A6F /* Frameworks */,
				79A73E3A1972F411009E5A6F /* Resources */,
			);
			buildRules = (
			);
			dependencies = (
			);
			name = ExuTalk;
			productName = ExuTalk;
			productReference = 79A73E3C1972F411009E5A6F /* ExuTalk.app */;
			productType = "com.apple.product-type.application";
		};
		79A73E5B1972F411009E5A6F /* ExuTalkTests */ = {
			isa = PBXNativeTarget;
			buildConfigurationList = 79A73E711972F411009E5A6F /* Build configuration list for PBXNativeTarget "ExuTalkTests" */;
			buildPhases = (
				79A73E581972F411009E5A6F /* Sources */,
				79A73E591972F411009E5A6F /* Frameworks */,
				79A73E5A1972F411009E5A6F /* Resources */,
			);
			buildRules = (
			);
			dependencies = (
				79A73E631972F411009E5A6F /* PBXTargetDependency */,
			);
			name = ExuTalkTests;
			productName = ExuTalkTests;
			productReference = 79A73E5C1972F411009E5A6F /* ExuTalkTests.xctest */;
			productType = "com.apple.product-type.bundle.unit-test";
		};
/* End PBXNativeTarget section */

/* Begin PBXProject section */
		79A73E341972F411009E5A6F /* Project object */ = {
			isa = PBXProject;
			attributes = {
				LastUpgradeCheck = 0510;
				ORGANIZATIONNAME = "Manish Kumar";
				TargetAttributes = {
					79A73E5B1972F411009E5A6F = {
						TestTargetID = 79A73E3B1972F411009E5A6F;
					};
				};
			};
			buildConfigurationList = 79A73E371972F411009E5A6F /* Build configuration list for PBXProject "ExuTalk" */;
			compatibilityVersion = "Xcode 3.2";
			developmentRegion = English;
			hasScannedForEncodings = 0;
			knownRegions = (
				en,
			);
			mainGroup = 79A73E331972F411009E5A6F;
			productRefGroup = 79A73E3D1972F411009E5A6F /* Products */;
			projectDirPath = "";
			projectRoot = "";
			targets = (
				79A73E3B1972F411009E5A6F /* ExuTalk */,
				79A73E5B1972F411009E5A6F /* ExuTalkTests */,
			);
		};
/* End PBXProject section */

/* Begin PBXResourcesBuildPhase section */
		79A73E3A1972F411009E5A6F /* Resources */ = {
			isa = PBXResourcesBuildPhase;
			buildActionMask = 2147483647;
			files = (
				79A73EB81972F4CA009E5A6F /* StartUp.storyboard in Resources */,
				79A73E981972F49D009E5A6F /* settings.png in Resources */,
				79A73E941972F49D009E5A6F /* header_tile.png in Resources */,
				79A73E911972F49D009E5A6F /* chats.png in Resources */,
				79A73E8C1972F49D009E5A6F /* back.png in Resources */,
				79A73E8F1972F49D009E5A6F /* camera.png in Resources */,
				79A73ED81972F4DA009E5A6F /* Settings.storyboard in Resources */,
				79A73E8D1972F49D009E5A6F /* btn_rectangle_normal.png in Resources */,
				79A73E921972F49D009E5A6F /* contacts.png in Resources */,
				79A73E951972F49D009E5A6F /* horizontalDivider.png in Resources */,
				79A73EC31972F4D2009E5A6F /* Messaging.storyboard in Resources */,
				79A73E901972F49D009E5A6F /* camera@2x.png in Resources */,
				79A73E4C1972F411009E5A6F /* InfoPlist.strings in Resources */,
				79A73E571972F411009E5A6F /* Images.xcassets in Resources */,
				79A73E9A1972F49D009E5A6F /* messageSent.aiff in Resources */,
				79A73E8E1972F49D009E5A6F /* btn_rectangle_normal@2x.png in Resources */,
				79A73E971972F49D009E5A6F /* send.png in Resources */,
				79A73E931972F49D009E5A6F /* defaultPerson.png in Resources */,
				79A73E991972F49D009E5A6F /* messageReceived.aiff in Resources */,
				79A73E8B1972F49D009E5A6F /* aqua.png in Resources */,
				79A73E961972F49D009E5A6F /* orange.png in Resources */,
			);
			runOnlyForDeploymentPostprocessing = 0;
		};
		79A73E5A1972F411009E5A6F /* Resources */ = {
			isa = PBXResourcesBuildPhase;
			buildActionMask = 2147483647;
			files = (
				79A73E691972F411009E5A6F /* InfoPlist.strings in Resources */,
			);
			runOnlyForDeploymentPostprocessing = 0;
		};
/* End PBXResourcesBuildPhase section */

/* Begin PBXSourcesBuildPhase section */
		79A73E381972F411009E5A6F /* Sources */ = {
			isa = PBXSourcesBuildPhase;
			buildActionMask = 2147483647;
			files = (
				79A73EA21972F4BA009E5A6F /* ContactsVC.m in Sources */,
				79A73EB41972F4CA009E5A6F /* ConversationVC.m in Sources */,
				79A73EC21972F4D2009E5A6F /* ChatMessageVC.m in Sources */,
				79A73EB31972F4CA009E5A6F /* BuddyListVC.m in Sources */,
				79A73E521972F411009E5A6F /* AppDelegate.m in Sources */,
				79A73EDA1972F4DA009E5A6F /* SettingsVC.m in Sources */,
				79A73ED91972F4DA009E5A6F /* SettingsVC+Share.m in Sources */,
				79A73EC41972F4D2009E5A6F /* MessagingSoundEffect.m in Sources */,
				79A73ED61972F4DA009E5A6F /* AboutVC.m in Sources */,
				79A73E551972F411009E5A6F /* ExuTalk.xcdatamodeld in Sources */,
				79A73ED71972F4DA009E5A6F /* NetworkDisconnectedVC.m in Sources */,
				79A73ED51972F4DA009E5A6F /* SendMessageOperation.m in Sources */,
				79A73E4E1972F411009E5A6F /* main.m in Sources */,
				79A73EC51972F4D2009E5A6F /* MessageModel.m in Sources */,
				79A73EDB1972F4DA009E5A6F /* ShareVC.m in Sources */,
				79A73EB61972F4CA009E5A6F /* ChatModel.m in Sources */,
				79A73EB51972F4CA009E5A6F /* LoginVC.m in Sources */,
				79A73E9E1972F4B0009E5A6F /* BaseVC.m in Sources */,
				79A73EB71972F4CA009E5A6F /* LoginModel.m in Sources */,
			);
			runOnlyForDeploymentPostprocessing = 0;
		};
		79A73E581972F411009E5A6F /* Sources */ = {
			isa = PBXSourcesBuildPhase;
			buildActionMask = 2147483647;
			files = (
				79A73E6B1972F411009E5A6F /* ExuTalkTests.m in Sources */,
			);
			runOnlyForDeploymentPostprocessing = 0;
		};
/* End PBXSourcesBuildPhase section */

/* Begin PBXTargetDependency section */
		79A73E631972F411009E5A6F /* PBXTargetDependency */ = {
			isa = PBXTargetDependency;
			target = 79A73E3B1972F411009E5A6F /* ExuTalk */;
			targetProxy = 79A73E621972F411009E5A6F /* PBXContainerItemProxy */;
		};
/* End PBXTargetDependency section */

/* Begin PBXVariantGroup section */
		79A73E4A1972F411009E5A6F /* InfoPlist.strings */ = {
			isa = PBXVariantGroup;
			children = (
				79A73E4B1972F411009E5A6F /* en */,
			);
			name = InfoPlist.strings;
			sourceTree = "<group>";
		};
		79A73E671972F411009E5A6F /* InfoPlist.strings */ = {
			isa = PBXVariantGroup;
			children = (
				79A73E681972F411009E5A6F /* en */,
			);
			name = InfoPlist.strings;
			sourceTree = "<group>";
		};
/* End PBXVariantGroup section */

/* Begin XCBuildConfiguration section */
		79A73E6C1972F411009E5A6F /* Debug */ = {
			isa = XCBuildConfiguration;
			buildSettings = {
				ALWAYS_SEARCH_USER_PATHS = NO;
				CLANG_CXX_LANGUAGE_STANDARD = "gnu++0x";
				CLANG_CXX_LIBRARY = "libc++";
				CLANG_ENABLE_MODULES = YES;
				CLANG_ENABLE_OBJC_ARC = YES;
				CLANG_WARN_BOOL_CONVERSION = YES;
				CLANG_WARN_CONSTANT_CONVERSION = YES;
				CLANG_WARN_DIRECT_OBJC_ISA_USAGE = YES_ERROR;
				CLANG_WARN_EMPTY_BODY = YES;
				CLANG_WARN_ENUM_CONVERSION = YES;
				CLANG_WARN_INT_CONVERSION = YES;
				CLANG_WARN_OBJC_ROOT_CLASS = YES_ERROR;
				CLANG_WARN__DUPLICATE_METHOD_MATCH = YES;
				"CODE_SIGN_IDENTITY[sdk=iphoneos*]" = "iPhone Developer";
				COPY_PHASE_STRIP = NO;
				GCC_C_LANGUAGE_STANDARD = gnu99;
				GCC_DYNAMIC_NO_PIC = NO;
				GCC_OPTIMIZATION_LEVEL = 0;
				GCC_PREPROCESSOR_DEFINITIONS = (
					"DEBUG=1",
					"$(inherited)",
				);
				GCC_SYMBOLS_PRIVATE_EXTERN = NO;
				GCC_WARN_64_TO_32_BIT_CONVERSION = YES;
				GCC_WARN_ABOUT_RETURN_TYPE = YES_ERROR;
				GCC_WARN_UNDECLARED_SELECTOR = YES;
				GCC_WARN_UNINITIALIZED_AUTOS = YES_AGGRESSIVE;
				GCC_WARN_UNUSED_FUNCTION = YES;
				GCC_WARN_UNUSED_VARIABLE = YES;
				IPHONEOS_DEPLOYMENT_TARGET = 7.1;
				ONLY_ACTIVE_ARCH = YES;
				SDKROOT = iphoneos;
				TARGETED_DEVICE_FAMILY = "1,2";
			};
			name = Debug;
		};
		79A73E6D1972F411009E5A6F /* Release */ = {
			isa = XCBuildConfiguration;
			buildSettings = {
				ALWAYS_SEARCH_USER_PATHS = NO;
				CLANG_CXX_LANGUAGE_STANDARD = "gnu++0x";
				CLANG_CXX_LIBRARY = "libc++";
				CLANG_ENABLE_MODULES = YES;
				CLANG_ENABLE_OBJC_ARC = YES;
				CLANG_WARN_BOOL_CONVERSION = YES;
				CLANG_WARN_CONSTANT_CONVERSION = YES;
				CLANG_WARN_DIRECT_OBJC_ISA_USAGE = YES_ERROR;
				CLANG_WARN_EMPTY_BODY = YES;
				CLANG_WARN_ENUM_CONVERSION = YES;
				CLANG_WARN_INT_CONVERSION = YES;
				CLANG_WARN_OBJC_ROOT_CLASS = YES_ERROR;
				CLANG_WARN__DUPLICATE_METHOD_MATCH = YES;
				"CODE_SIGN_IDENTITY[sdk=iphoneos*]" = "iPhone Developer";
				COPY_PHASE_STRIP = YES;
				ENABLE_NS_ASSERTIONS = NO;
				GCC_C_LANGUAGE_STANDARD = gnu99;
				GCC_WARN_64_TO_32_BIT_CONVERSION = YES;
				GCC_WARN_ABOUT_RETURN_TYPE = YES_ERROR;
				GCC_WARN_UNDECLARED_SELECTOR = YES;
				GCC_WARN_UNINITIALIZED_AUTOS = YES_AGGRESSIVE;
				GCC_WARN_UNUSED_FUNCTION = YES;
				GCC_WARN_UNUSED_VARIABLE = YES;
				IPHONEOS_DEPLOYMENT_TARGET = 7.1;
				SDKROOT = iphoneos;
				TARGETED_DEVICE_FAMILY = "1,2";
				VALIDATE_PRODUCT = YES;
			};
			name = Release;
		};
		79A73E6F1972F411009E5A6F /* Debug */ = {
			isa = XCBuildConfiguration;
			buildSettings = {
				ASSETCATALOG_COMPILER_APPICON_NAME = AppIcon;
				ASSETCATALOG_COMPILER_LAUNCHIMAGE_NAME = LaunchImage;
				GCC_PRECOMPILE_PREFIX_HEADER = YES;
				GCC_PREFIX_HEADER = "ExuTalk/ExuTalk-Prefix.pch";
				INFOPLIST_FILE = "ExuTalk/ExuTalk-Info.plist";
				PRODUCT_NAME = "$(TARGET_NAME)";
				WRAPPER_EXTENSION = app;
			};
			name = Debug;
		};
		79A73E701972F411009E5A6F /* Release */ = {
			isa = XCBuildConfiguration;
			buildSettings = {
				ASSETCATALOG_COMPILER_APPICON_NAME = AppIcon;
				ASSETCATALOG_COMPILER_LAUNCHIMAGE_NAME = LaunchImage;
				GCC_PRECOMPILE_PREFIX_HEADER = YES;
				GCC_PREFIX_HEADER = "ExuTalk/ExuTalk-Prefix.pch";
				INFOPLIST_FILE = "ExuTalk/ExuTalk-Info.plist";
				PRODUCT_NAME = "$(TARGET_NAME)";
				WRAPPER_EXTENSION = app;
			};
			name = Release;
		};
		79A73E721972F411009E5A6F /* Debug */ = {
			isa = XCBuildConfiguration;
			buildSettings = {
				BUNDLE_LOADER = "$(BUILT_PRODUCTS_DIR)/ExuTalk.app/ExuTalk";
				FRAMEWORK_SEARCH_PATHS = (
					"$(SDKROOT)/Developer/Library/Frameworks",
					"$(inherited)",
					"$(DEVELOPER_FRAMEWORKS_DIR)",
				);
				GCC_PRECOMPILE_PREFIX_HEADER = YES;
				GCC_PREFIX_HEADER = "ExuTalk/ExuTalk-Prefix.pch";
				GCC_PREPROCESSOR_DEFINITIONS = (
					"DEBUG=1",
					"$(inherited)",
				);
				INFOPLIST_FILE = "ExuTalkTests/ExuTalkTests-Info.plist";
				PRODUCT_NAME = "$(TARGET_NAME)";
				TEST_HOST = "$(BUNDLE_LOADER)";
				WRAPPER_EXTENSION = xctest;
			};
			name = Debug;
		};
		79A73E731972F411009E5A6F /* Release */ = {
			isa = XCBuildConfiguration;
			buildSettings = {
				BUNDLE_LOADER = "$(BUILT_PRODUCTS_DIR)/ExuTalk.app/ExuTalk";
				FRAMEWORK_SEARCH_PATHS = (
					"$(SDKROOT)/Developer/Library/Frameworks",
					"$(inherited)",
					"$(DEVELOPER_FRAMEWORKS_DIR)",
				);
				GCC_PRECOMPILE_PREFIX_HEADER = YES;
				GCC_PREFIX_HEADER = "ExuTalk/ExuTalk-Prefix.pch";
				INFOPLIST_FILE = "ExuTalkTests/ExuTalkTests-Info.plist";
				PRODUCT_NAME = "$(TARGET_NAME)";
				TEST_HOST = "$(BUNDLE_LOADER)";
				WRAPPER_EXTENSION = xctest;
			};
			name = Release;
		};
/* End XCBuildConfiguration section */

/* Begin XCConfigurationList section */
		79A73E371972F411009E5A6F /* Build configuration list for PBXProject "ExuTalk" */ = {
			isa = XCConfigurationList;
			buildConfigurations = (
				79A73E6C1972F411009E5A6F /* Debug */,
				79A73E6D1972F411009E5A6F /* Release */,
			);
			defaultConfigurationIsVisible = 0;
			defaultConfigurationName = Release;
		};
		79A73E6E1972F411009E5A6F /* Build configuration list for PBXNativeTarget "ExuTalk" */ = {
			isa = XCConfigurationList;
			buildConfigurations = (
				79A73E6F1972F411009E5A6F /* Debug */,
				79A73E701972F411009E5A6F /* Release */,
			);
			defaultConfigurationIsVisible = 0;
		};
		79A73E711972F411009E5A6F /* Build configuration list for PBXNativeTarget "ExuTalkTests" */ = {
			isa = XCConfigurationList;
			buildConfigurations = (
				79A73E721972F411009E5A6F /* Debug */,
				79A73E731972F411009E5A6F /* Release */,
			);
			defaultConfigurationIsVisible = 0;
		};
/* End XCConfigurationList section */

/* Begin XCVersionGroup section */
		79A73E531972F411009E5A6F /* ExuTalk.xcdatamodeld */ = {
			isa = XCVersionGroup;
			children = (
				79A73E541972F411009E5A6F /* ExuTalk.xcdatamodel */,
			);
			currentVersion = 79A73E541972F411009E5A6F /* ExuTalk.xcdatamodel */;
			path = ExuTalk.xcdatamodeld;
			sourceTree = "<group>";
			versionGroupType = wrapper.xcdatamodel;
		};
/* End XCVersionGroup section */
	};
	rootObject = 79A73E341972F411009E5A6F /* Project object */;
}
