// !$*UTF8*$!
{
	archiveVersion = 1;
	classes = {
	};
	objectVersion = 46;
	objects = {

/* Begin PBXBuildFile section */
		79A73E401972F411009E5A6F /* Foundation.framework in Frameworks */ = {isa = PBXBuildFile; fileRef = 79A73E3F1972F411009E5A6F /* Foundation.framework */; };
		79A73E421972F411009E5A6F /* CoreGraphics.framework in Frameworks */ = {isa = PBXBuildFile; fileRef = 79A73E411972F411009E5A6F /* CoreGraphics.framework */; };
		79A73E441972F411009E5A6F /* UIKit.framework in Frameworks */ = {isa = PBXBuildFile; fileRef = 79A73E431972F411009E5A6F /* UIKit.framework */; };
		79A73E461972F411009E5A6F /* CoreData.framework in Frameworks */ = {isa = PBXBuildFile; fileRef = 79A73E451972F411009E5A6F /* CoreData.framework */; };
		79A73E4C1972F411009E5A6F /* InfoPlist.strings in Resources */ = {isa = PBXBuildFile; fileRef = 79A73E4A1972F411009E5A6F /* InfoPlist.strings */; };
		79A73E4E1972F411009E5A6F /* main.m in Sources */ = {isa = PBXBuildFile; fileRef = 79A73E4D1972F411009E5A6F /* main.m */; };
		79A73E521972F411009E5A6F /* AppDelegate.m in Sources */ = {isa = PBXBuildFile; fileRef = 79A73E511972F411009E5A6F /* AppDelegate.m */; };
		79A73E551972F411009E5A6F /* ExuTalk.xcdatamodeld in Sources */ = {isa = PBXBuildFile; fileRef = 79A73E531972F411009E5A6F /* ExuTalk.xcdatamodeld */; };
		79A73E571972F411009E5A6F /* Images.xcassets in Resources */ = {isa = PBXBuildFile; fileRef = 79A73E561972F411009E5A6F /* Images.xcassets */; };
		79A73E5E1972F411009E5A6F /* XCTest.framework in Frameworks */ = {isa = PBXBuildFile; fileRef = 79A73E5D1972F411009E5A6F /* XCTest.framework */; };
		79A73E5F1972F411009E5A6F /* Foundation.framework in Frameworks */ = {isa = PBXBuildFile; fileRef = 79A73E3F1972F411009E5A6F /* Foundation.framework */; };
		79A73E601972F411009E5A6F /* UIKit.framework in Frameworks */ = {isa = PBXBuildFile; fileRef = 79A73E431972F411009E5A6F /* UIKit.framework */; };
		79A73E611972F411009E5A6F /* CoreData.framework in Frameworks */ = {isa = PBXBuildFile; fileRef = 79A73E451972F411009E5A6F /* CoreData.framework */; };
		79A73E691972F411009E5A6F /* InfoPlist.strings in Resources */ = {isa = PBXBuildFile; fileRef = 79A73E671972F411009E5A6F /* InfoPlist.strings */; };
		79A73E6B1972F411009E5A6F /* ExuTalkTests.m in Sources */ = {isa = PBXBuildFile; fileRef = 79A73E6A1972F411009E5A6F /* ExuTalkTests.m */; };
/* End PBXBuildFile section */

/* Begin PBXContainerItemProxy section */
		79A73E621972F411009E5A6F /* PBXContainerItemProxy */ = {
			isa = PBXContainerItemProxy;
			containerPortal = 79A73E341972F411009E5A6F /* Project object */;
			proxyType = 1;
			remoteGlobalIDString = 79A73E3B1972F411009E5A6F;
			remoteInfo = ExuTalk;
		};
/* End PBXContainerItemProxy section */

/* Begin PBXFileReference section */
		79A73E3C1972F411009E5A6F /* ExuTalk.app */ = {isa = PBXFileReference; explicitFileType = wrapper.application; includeInIndex = 0; path = ExuTalk.app; sourceTree = BUILT_PRODUCTS_DIR; };
		79A73E3F1972F411009E5A6F /* Foundation.framework */ = {isa = PBXFileReference; lastKnownFileType = wrapper.framework; name = Foundation.framework; path = System/Library/Frameworks/Foundation.framework; sourceTree = SDKROOT; };
		79A73E411972F411009E5A6F /* CoreGraphics.framework */ = {isa = PBXFileReference; lastKnownFileType = wrapper.framework; name = CoreGraphics.framework; path = System/Library/Frameworks/CoreGraphics.framework; sourceTree = SDKROOT; };
		79A73E431972F411009E5A6F /* UIKit.framework */ = {isa = PBXFileReference; lastKnownFileType = wrapper.framework; name = UIKit.framework; path = System/Library/Frameworks/UIKit.framework; sourceTree = SDKROOT; };
		79A73E451972F411009E5A6F /* CoreData.framework */ = {isa = PBXFileReference; lastKnownFileType = wrapper.framework; name = CoreData.framework; path = System/Library/Frameworks/CoreData.framework; sourceTree = SDKROOT; };
		79A73E491972F411009E5A6F /* ExuTalk-Info.plist */ = {isa = PBXFileReference; lastKnownFileType = text.plist.xml; path = "ExuTalk-Info.plist"; sourceTree = "<group>"; };
		79A73E4B1972F411009E5A6F /* en */ = {isa = PBXFileReference; lastKnownFileType = text.plist.strings; name = en; path = en.lproj/InfoPlist.strings; sourceTree = "<group>"; };
		79A73E4D1972F411009E5A6F /* main.m */ = {isa = PBXFileReference; lastKnownFileType = sourcecode.c.objc; path = main.m; sourceTree = "<group>"; };
		79A73E4F1972F411009E5A6F /* ExuTalk-Prefix.pch */ = {isa = PBXFileReference; lastKnownFileType = sourcecode.c.h; path = "ExuTalk-Prefix.pch"; sourceTree = "<group>"; };
		79A73E501972F411009E5A6F /* AppDelegate.h */ = {isa = PBXFileReference; lastKnownFileType = sourcecode.c.h; path = AppDelegate.h; sourceTree = "<group>"; };
		79A73E511972F411009E5A6F /* AppDelegate.m */ = {isa = PBXFileReference; lastKnownFileType = sourcecode.c.objc; path = AppDelegate.m; sourceTree = "<group>"; };
		79A73E541972F411009E5A6F /* ExuTalk.xcdatamodel */ = {isa = PBXFileReference; lastKnownFileType = wrapper.xcdatamodel; path = ExuTalk.xcdatamodel; sourceTree = "<group>"; };
		79A73E561972F411009E5A6F /* Images.xcassets */ = {isa = PBXFileReference; lastKnownFileType = folder.assetcatalog; path = Images.xcassets; sourceTree = "<group>"; };
		79A73E5C1972F411009E5A6F /* ExuTalkTests.xctest */ = {isa = PBXFileReference; explicitFileType = wrapper.cfbundle; includeInIndex = 0; path = ExuTalkTests.xctest; sourceTree = BUILT_PRODUCTS_DIR; };
		79A73E5D1972F411009E5A6F /* XCTest.framework */ = {isa = PBXFileReference; lastKnownFileType = wrapper.framework; name = XCTest.framework; path = Library/Frameworks/XCTest.framework; sourceTree = DEVELOPER_DIR; };
		79A73E661972F411009E5A6F /* ExuTalkTests-Info.plist */ = {isa = PBXFileReference; lastKnownFileType = text.plist.xml; path = "ExuTalkTests-Info.plist"; sourceTree = "<group>"; };
		79A73E681972F411009E5A6F /* en */ = {isa = PBXFileReference; lastKnownFileType = text.plist.strings; name = en; path = en.lproj/InfoPlist.strings; sourceTree = "<group>"; };
		79A73E6A1972F411009E5A6F /* ExuTalkTests.m */ = {isa = PBXFileReference; lastKnownFileType = sourcecode.c.objc; path = ExuTalkTests.m; sourceTree = "<group>"; };
/* End PBXFileReference section */

/* Begin PBXFrameworksBuildPhase section */
		79A73E391972F411009E5A6F /* Frameworks */ = {
			isa = PBXFrameworksBuildPhase;
			buildActionMask = 2147483647;
			files = (
				79A73E421972F411009E5A6F /* CoreGraphics.framework in Frameworks */,
				79A73E461972F411009E5A6F /* CoreData.framework in Frameworks */,
				79A73E441972F411009E5A6F /* UIKit.framework in Frameworks */,
				79A73E401972F411009E5A6F /* Foundation.framework in Frameworks */,
			);
			runOnlyForDeploymentPostprocessing = 0;
		};
		79A73E591972F411009E5A6F /* Frameworks */ = {
			isa = PBXFrameworksBuildPhase;
			buildActionMask = 2147483647;
			files = (
				79A73E5E1972F411009E5A6F /* XCTest.framework in Frameworks */,
				79A73E611972F411009E5A6F /* CoreData.framework in Frameworks */,
				79A73E601972F411009E5A6F /* UIKit.framework in Frameworks */,
				79A73E5F1972F411009E5A6F /* Foundation.framework in Frameworks */,
			);
			runOnlyForDeploymentPostprocessing = 0;
		};
/* End PBXFrameworksBuildPhase section */

/* Begin PBXGroup section */
		79A73E331972F411009E5A6F = {
			isa = PBXGroup;
			children = (
				79A73E471972F411009E5A6F /* ExuTalk */,
				79A73E641972F411009E5A6F /* ExuTalkTests */,
				79A73E3E1972F411009E5A6F /* Frameworks */,
				79A73E3D1972F411009E5A6F /* Products */,
			);
			sourceTree = "<group>";
		};
		79A73E3D1972F411009E5A6F /* Products */ = {
			isa = PBXGroup;
			children = (
				79A73E3C1972F411009E5A6F /* ExuTalk.app */,
				79A73E5C1972F411009E5A6F /* ExuTalkTests.xctest */,
			);
			name = Products;
			sourceTree = "<group>";
		};
		79A73E3E1972F411009E5A6F /* Frameworks */ = {
			isa = PBXGroup;
			children = (
				79A73E3F1972F411009E5A6F /* Foundation.framework */,
				79A73E411972F411009E5A6F /* CoreGraphics.framework */,
				79A73E431972F411009E5A6F /* UIKit.framework */,
				79A73E451972F411009E5A6F /* CoreData.framework */,
				79A73E5D1972F411009E5A6F /* XCTest.framework */,
			);
			name = Frameworks;
			sourceTree = "<group>";
		};
		79A73E471972F411009E5A6F /* ExuTalk */ = {
			isa = PBXGroup;
			children = (
				79A73E501972F411009E5A6F /* AppDelegate.h */,
				79A73E511972F411009E5A6F /* AppDelegate.m */,
				79A73E561972F411009E5A6F /* Images.xcassets */,
				79A73E531972F411009E5A6F /* ExuTalk.xcdatamodeld */,
				79A73E481972F411009E5A6F /* Supporting Files */,
			);
			path = ExuTalk;
			sourceTree = "<group>";
		};
		79A73E481972F411009E5A6F /* Supporting Files */ = {
			isa = PBXGroup;
			children = (
				79A73E491972F411009E5A6F /* ExuTalk-Info.plist */,
				79A73E4A1972F411009E5A6F /* InfoPlist.strings */,
				79A73E4D1972F411009E5A6F /* main.m */,
				79A73E4F1972F411009E5A6F /* ExuTalk-Prefix.pch */,
			);
			name = "Supporting Files";
			sourceTree = "<group>";
		};
		79A73E641972F411009E5A6F /* ExuTalkTests */ = {
			isa = PBXGroup;
			children = (
				79A73E6A1972F411009E5A6F /* ExuTalkTests.m */,
				79A73E651972F411009E5A6F /* Supporting Files */,
			);
			path = ExuTalkTests;
			sourceTree = "<group>";
		};
		79A73E651972F411009E5A6F /* Supporting Files */ = {
			isa = PBXGroup;
			children = (
				79A73E661972F411009E5A6F /* ExuTalkTests-Info.plist */,
				79A73E671972F411009E5A6F /* InfoPlist.strings */,
			);
			name = "Supporting Files";
			sourceTree = "<group>";
		};
/* End PBXGroup section */

/* Begin PBXNativeTarget section */
		79A73E3B1972F411009E5A6F /* ExuTalk */ = {
			isa = PBXNativeTarget;
			buildConfigurationList = 79A73E6E1972F411009E5A6F /* Build configuration list for PBXNativeTarget "ExuTalk" */;
			buildPhases = (
				79A73E381972F411009E5A6F /* Sources */,
				79A73E391972F411009E5A6F /* Frameworks */,
				79A73E3A1972F411009E5A6F /* Resources */,
			);
			buildRules = (
			);
			dependencies = (
			);
			name = ExuTalk;
			productName = ExuTalk;
			productReference = 79A73E3C1972F411009E5A6F /* ExuTalk.app */;
			productType = "com.apple.product-type.application";
		};
		79A73E5B1972F411009E5A6F /* ExuTalkTests */ = {
			isa = PBXNativeTarget;
			buildConfigurationList = 79A73E711972F411009E5A6F /* Build configuration list for PBXNativeTarget "ExuTalkTests" */;
			buildPhases = (
				79A73E581972F411009E5A6F /* Sources */,
				79A73E591972F411009E5A6F /* Frameworks */,
				79A73E5A1972F411009E5A6F /* Resources */,
			);
			buildRules = (
			);
			dependencies = (
				79A73E631972F411009E5A6F /* PBXTargetDependency */,
			);
			name = ExuTalkTests;
			productName = ExuTalkTests;
			productReference = 79A73E5C1972F411009E5A6F /* ExuTalkTests.xctest */;
			productType = "com.apple.product-type.bundle.unit-test";
		};
/* End PBXNativeTarget section */

/* Begin PBXProject section */
		79A73E341972F411009E5A6F /* Project object */ = {
			isa = PBXProject;
			attributes = {
				LastUpgradeCheck = 0510;
				ORGANIZATIONNAME = "Manish Kumar";
				TargetAttributes = {
					79A73E5B1972F411009E5A6F = {
						TestTargetID = 79A73E3B1972F411009E5A6F;
					};
				};
			};
			buildConfigurationList = 79A73E371972F411009E5A6F /* Build configuration list for PBXProject "ExuTalk" */;
			compatibilityVersion = "Xcode 3.2";
			developmentRegion = English;
			hasScannedForEncodings = 0;
			knownRegions = (
				en,
			);
			mainGroup = 79A73E331972F411009E5A6F;
			productRefGroup = 79A73E3D1972F411009E5A6F /* Products */;
			projectDirPath = "";
			projectRoot = "";
			targets = (
				79A73E3B1972F411009E5A6F /* ExuTalk */,
				79A73E5B1972F411009E5A6F /* ExuTalkTests */,
			);
		};
/* End PBXProject section */

/* Begin PBXResourcesBuildPhase section */
		79A73E3A1972F411009E5A6F /* Resources */ = {
			isa = PBXResourcesBuildPhase;
			buildActionMask = 2147483647;
			files = (
				79A73E4C1972F411009E5A6F /* InfoPlist.strings in Resources */,
				79A73E571972F411009E5A6F /* Images.xcassets in Resources */,
			);
			runOnlyForDeploymentPostprocessing = 0;
		};
		79A73E5A1972F411009E5A6F /* Resources */ = {
			isa = PBXResourcesBuildPhase;
			buildActionMask = 2147483647;
			files = (
				79A73E691972F411009E5A6F /* InfoPlist.strings in Resources */,
			);
			runOnlyForDeploymentPostprocessing = 0;
		};
/* End PBXResourcesBuildPhase section */

/* Begin PBXSourcesBuildPhase section */
		79A73E381972F411009E5A6F /* Sources */ = {
			isa = PBXSourcesBuildPhase;
			buildActionMask = 2147483647;
			files = (
				79A73E521972F411009E5A6F /* AppDelegate.m in Sources */,
				79A73E551972F411009E5A6F /* ExuTalk.xcdatamodeld in Sources */,
				79A73E4E1972F411009E5A6F /* main.m in Sources */,
			);
			runOnlyForDeploymentPostprocessing = 0;
		};
		79A73E581972F411009E5A6F /* Sources */ = {
			isa = PBXSourcesBuildPhase;
			buildActionMask = 2147483647;
			files = (
				79A73E6B1972F411009E5A6F /* ExuTalkTests.m in Sources */,
			);
			runOnlyForDeploymentPostprocessing = 0;
		};
/* End PBXSourcesBuildPhase section */

/* Begin PBXTargetDependency section */
		79A73E631972F411009E5A6F /* PBXTargetDependency */ = {
			isa = PBXTargetDependency;
			target = 79A73E3B1972F411009E5A6F /* ExuTalk */;
			targetProxy = 79A73E621972F411009E5A6F /* PBXContainerItemProxy */;
		};
/* End PBXTargetDependency section */

/* Begin PBXVariantGroup section */
		79A73E4A1972F411009E5A6F /* InfoPlist.strings */ = {
			isa = PBXVariantGroup;
			children = (
				79A73E4B1972F411009E5A6F /* en */,
			);
			name = InfoPlist.strings;
			sourceTree = "<group>";
		};
		79A73E671972F411009E5A6F /* InfoPlist.strings */ = {
			isa = PBXVariantGroup;
			children = (
				79A73E681972F411009E5A6F /* en */,
			);
			name = InfoPlist.strings;
			sourceTree = "<group>";
		};
/* End PBXVariantGroup section */

/* Begin XCBuildConfiguration section */
		79A73E6C1972F411009E5A6F /* Debug */ = {
			isa = XCBuildConfiguration;
			buildSettings = {
				ALWAYS_SEARCH_USER_PATHS = NO;
				CLANG_CXX_LANGUAGE_STANDARD = "gnu++0x";
				CLANG_CXX_LIBRARY = "libc++";
				CLANG_ENABLE_MODULES = YES;
				CLANG_ENABLE_OBJC_ARC = YES;
				CLANG_WARN_BOOL_CONVERSION = YES;
				CLANG_WARN_CONSTANT_CONVERSION = YES;
				CLANG_WARN_DIRECT_OBJC_ISA_USAGE = YES_ERROR;
				CLANG_WARN_EMPTY_BODY = YES;
				CLANG_WARN_ENUM_CONVERSION = YES;
				CLANG_WARN_INT_CONVERSION = YES;
				CLANG_WARN_OBJC_ROOT_CLASS = YES_ERROR;
				CLANG_WARN__DUPLICATE_METHOD_MATCH = YES;
				"CODE_SIGN_IDENTITY[sdk=iphoneos*]" = "iPhone Developer";
				COPY_PHASE_STRIP = NO;
				GCC_C_LANGUAGE_STANDARD = gnu99;
				GCC_DYNAMIC_NO_PIC = NO;
				GCC_OPTIMIZATION_LEVEL = 0;
				GCC_PREPROCESSOR_DEFINITIONS = (
					"DEBUG=1",
					"$(inherited)",
				);
				GCC_SYMBOLS_PRIVATE_EXTERN = NO;
				GCC_WARN_64_TO_32_BIT_CONVERSION = YES;
				GCC_WARN_ABOUT_RETURN_TYPE = YES_ERROR;
				GCC_WARN_UNDECLARED_SELECTOR = YES;
				GCC_WARN_UNINITIALIZED_AUTOS = YES_AGGRESSIVE;
				GCC_WARN_UNUSED_FUNCTION = YES;
				GCC_WARN_UNUSED_VARIABLE = YES;
				IPHONEOS_DEPLOYMENT_TARGET = 7.1;
				ONLY_ACTIVE_ARCH = YES;
				SDKROOT = iphoneos;
				TARGETED_DEVICE_FAMILY = "1,2";
			};
			name = Debug;
		};
		79A73E6D1972F411009E5A6F /* Release */ = {
			isa = XCBuildConfiguration;
			buildSettings = {
				ALWAYS_SEARCH_USER_PATHS = NO;
				CLANG_CXX_LANGUAGE_STANDARD = "gnu++0x";
				CLANG_CXX_LIBRARY = "libc++";
				CLANG_ENABLE_MODULES = YES;
				CLANG_ENABLE_OBJC_ARC = YES;
				CLANG_WARN_BOOL_CONVERSION = YES;
				CLANG_WARN_CONSTANT_CONVERSION = YES;
				CLANG_WARN_DIRECT_OBJC_ISA_USAGE = YES_ERROR;
				CLANG_WARN_EMPTY_BODY = YES;
				CLANG_WARN_ENUM_CONVERSION = YES;
				CLANG_WARN_INT_CONVERSION = YES;
				CLANG_WARN_OBJC_ROOT_CLASS = YES_ERROR;
				CLANG_WARN__DUPLICATE_METHOD_MATCH = YES;
				"CODE_SIGN_IDENTITY[sdk=iphoneos*]" = "iPhone Developer";
				COPY_PHASE_STRIP = YES;
				ENABLE_NS_ASSERTIONS = NO;
				GCC_C_LANGUAGE_STANDARD = gnu99;
				GCC_WARN_64_TO_32_BIT_CONVERSION = YES;
				GCC_WARN_ABOUT_RETURN_TYPE = YES_ERROR;
				GCC_WARN_UNDECLARED_SELECTOR = YES;
				GCC_WARN_UNINITIALIZED_AUTOS = YES_AGGRESSIVE;
				GCC_WARN_UNUSED_FUNCTION = YES;
				GCC_WARN_UNUSED_VARIABLE = YES;
				IPHONEOS_DEPLOYMENT_TARGET = 7.1;
				SDKROOT = iphoneos;
				TARGETED_DEVICE_FAMILY = "1,2";
				VALIDATE_PRODUCT = YES;
			};
			name = Release;
		};
		79A73E6F1972F411009E5A6F /* Debug */ = {
			isa = XCBuildConfiguration;
			buildSettings = {
				ASSETCATALOG_COMPILER_APPICON_NAME = AppIcon;
				ASSETCATALOG_COMPILER_LAUNCHIMAGE_NAME = LaunchImage;
				GCC_PRECOMPILE_PREFIX_HEADER = YES;
				GCC_PREFIX_HEADER = "ExuTalk/ExuTalk-Prefix.pch";
				INFOPLIST_FILE = "ExuTalk/ExuTalk-Info.plist";
				PRODUCT_NAME = "$(TARGET_NAME)";
				WRAPPER_EXTENSION = app;
			};
			name = Debug;
		};
		79A73E701972F411009E5A6F /* Release */ = {
			isa = XCBuildConfiguration;
			buildSettings = {
				ASSETCATALOG_COMPILER_APPICON_NAME = AppIcon;
				ASSETCATALOG_COMPILER_LAUNCHIMAGE_NAME = LaunchImage;
				GCC_PRECOMPILE_PREFIX_HEADER = YES;
				GCC_PREFIX_HEADER = "ExuTalk/ExuTalk-Prefix.pch";
				INFOPLIST_FILE = "ExuTalk/ExuTalk-Info.plist";
				PRODUCT_NAME = "$(TARGET_NAME)";
				WRAPPER_EXTENSION = app;
			};
			name = Release;
		};
		79A73E721972F411009E5A6F /* Debug */ = {
			isa = XCBuildConfiguration;
			buildSettings = {
				BUNDLE_LOADER = "$(BUILT_PRODUCTS_DIR)/ExuTalk.app/ExuTalk";
				FRAMEWORK_SEARCH_PATHS = (
					"$(SDKROOT)/Developer/Library/Frameworks",
					"$(inherited)",
					"$(DEVELOPER_FRAMEWORKS_DIR)",
				);
				GCC_PRECOMPILE_PREFIX_HEADER = YES;
				GCC_PREFIX_HEADER = "ExuTalk/ExuTalk-Prefix.pch";
				GCC_PREPROCESSOR_DEFINITIONS = (
					"DEBUG=1",
					"$(inherited)",
				);
				INFOPLIST_FILE = "ExuTalkTests/ExuTalkTests-Info.plist";
				PRODUCT_NAME = "$(TARGET_NAME)";
				TEST_HOST = "$(BUNDLE_LOADER)";
				WRAPPER_EXTENSION = xctest;
			};
			name = Debug;
		};
		79A73E731972F411009E5A6F /* Release */ = {
			isa = XCBuildConfiguration;
			buildSettings = {
				BUNDLE_LOADER = "$(BUILT_PRODUCTS_DIR)/ExuTalk.app/ExuTalk";
				FRAMEWORK_SEARCH_PATHS = (
					"$(SDKROOT)/Developer/Library/Frameworks",
					"$(inherited)",
					"$(DEVELOPER_FRAMEWORKS_DIR)",
				);
				GCC_PRECOMPILE_PREFIX_HEADER = YES;
				GCC_PREFIX_HEADER = "ExuTalk/ExuTalk-Prefix.pch";
				INFOPLIST_FILE = "ExuTalkTests/ExuTalkTests-Info.plist";
				PRODUCT_NAME = "$(TARGET_NAME)";
				TEST_HOST = "$(BUNDLE_LOADER)";
				WRAPPER_EXTENSION = xctest;
			};
			name = Release;
		};
/* End XCBuildConfiguration section */

/* Begin XCConfigurationList section */
		79A73E371972F411009E5A6F /* Build configuration list for PBXProject "ExuTalk" */ = {
			isa = XCConfigurationList;
			buildConfigurations = (
				79A73E6C1972F411009E5A6F /* Debug */,
				79A73E6D1972F411009E5A6F /* Release */,
			);
			defaultConfigurationIsVisible = 0;
			defaultConfigurationName = Release;
		};
		79A73E6E1972F411009E5A6F /* Build configuration list for PBXNativeTarget "ExuTalk" */ = {
			isa = XCConfigurationList;
			buildConfigurations = (
				79A73E6F1972F411009E5A6F /* Debug */,
				79A73E701972F411009E5A6F /* Release */,
			);
			defaultConfigurationIsVisible = 0;
		};
		79A73E711972F411009E5A6F /* Build configuration list for PBXNativeTarget "ExuTalkTests" */ = {
			isa = XCConfigurationList;
			buildConfigurations = (
				79A73E721972F411009E5A6F /* Debug */,
				79A73E731972F411009E5A6F /* Release */,
			);
			defaultConfigurationIsVisible = 0;
		};
/* End XCConfigurationList section */

/* Begin XCVersionGroup section */
		79A73E531972F411009E5A6F /* ExuTalk.xcdatamodeld */ = {
			isa = XCVersionGroup;
			children = (
				79A73E541972F411009E5A6F /* ExuTalk.xcdatamodel */,
			);
			currentVersion = 79A73E541972F411009E5A6F /* ExuTalk.xcdatamodel */;
			path = ExuTalk.xcdatamodeld;
			sourceTree = "<group>";
			versionGroupType = wrapper.xcdatamodel;
		};
/* End XCVersionGroup section */
	};
	rootObject = 79A73E341972F411009E5A6F /* Project object */;
}
